
Microsoft Visual Studio Solution File, Format Version 12.00
# Visual Studio Version 16
VisualStudioVersion = 16.0.29519.87
MinimumVisualStudioVersion = 10.0.40219.1
Project("{9A19103F-16F7-4668-BE54-9A1E7A4F7556}") = "Okta.Sdk.Abstractions", "..\..\Okta.Sdk.Abstractions\Okta.Sdk.Abstractions.csproj", "{55BBE5EC-6D9A-4B4E-888A-424DDAEFE4AA}"
EndProject
Project("{9A19103F-16F7-4668-BE54-9A1E7A4F7556}") = "Okta.Sdk.Abstractions.UnitTests", "..\..\Okta.Sdk.Abstractions.UnitTests\Okta.Sdk.Abstractions.UnitTests.csproj", "{5222746D-BA58-4BAB-83F8-28321450784B}"
EndProject
Project("{9A19103F-16F7-4668-BE54-9A1E7A4F7556}") = "Okta.Auth.Sdk.IntegrationTests", "..\..\Okta.Auth.Sdk.IntegrationTests\Okta.Auth.Sdk.IntegrationTests.csproj", "{780E8F5A-0E85-4D2A-9AAA-19CD16FC86B8}"
EndProject
Project("{9A19103F-16F7-4668-BE54-9A1E7A4F7556}") = "Okta.Auth.Sdk", "..\..\Okta.Auth.Sdk\Okta.Auth.Sdk.csproj", "{C13343AA-549D-4D49-AC2F-239700469102}"
EndProject
Project("{9A19103F-16F7-4668-BE54-9A1E7A4F7556}") = "Okta.Auth.Sdk.UnitTests", "..\..\Okta.Auth.Sdk.UnitTests\Okta.Auth.Sdk.UnitTests.csproj", "{42DEF79C-A773-4A03-9C37-E6DEDC7555B3}"
EndProject
Project("{9A19103F-16F7-4668-BE54-9A1E7A4F7556}") = "bam.net.core", "..\BamFrameworkCore\Bam.Net\_lib\bam.net.core\bam.net.core.csproj", "{B85E7252-3E2B-44B6-AC70-6A83016FDBD9}"
EndProject
Project("{D954291E-2A0B-460D-934E-DC6B0785DB48}") = "bam.net.shared", "..\BamFrameworkCore\Bam.Net\shared\bam.net.shared\bam.net.shared.shproj", "{8F2CB78E-8C2E-45C6-97A0-C38F60A85E98}"
EndProject
Project("{2150E333-8FDC-42A3-9474-1A3956D46DE8}") = "bam", "bam", "{5E03E415-C8D8-4408-A441-6E61213CEDEB}"
EndProject
Project("{2150E333-8FDC-42A3-9474-1A3956D46DE8}") = "okta", "okta", "{0304201B-DFDB-407B-89DB-E9B44E192DE2}"
EndProject
Project("{FAE04EC0-301F-11D3-BF4B-00C04F79EFBC}") = "bam.okta.authn", "bam.okta.authn.csproj", "{844913D1-BB27-43EA-B388-B29B0C0741A7}"
EndProject
Project("{FAE04EC0-301F-11D3-BF4B-00C04F79EFBC}") = "bam.github", "..\BamFrameworkCore\BamAppServices\_lib\bam.github\bam.github.csproj", "{B3BF6833-2340-424F-BEA5-9F47D88B53AF}"
EndProject
Global
	GlobalSection(SharedMSBuildProjectFiles) = preSolution
		..\BamFrameworkCore\Bam.Net\shared\bam.net.shared\bam.net.shared.projitems*{8f2cb78e-8c2e-45c6-97a0-c38f60a85e98}*SharedItemsImports = 13
		..\BamFrameworkCore\Bam.Net\shared\bam.net.shared\bam.net.shared.projitems*{b85e7252-3e2b-44b6-ac70-6a83016fdbd9}*SharedItemsImports = 5
	EndGlobalSection
	GlobalSection(SolutionConfigurationPlatforms) = preSolution
		Debug|Any CPU = Debug|Any CPU
		Release|Any CPU = Release|Any CPU
	EndGlobalSection
	GlobalSection(ProjectConfigurationPlatforms) = postSolution
		{55BBE5EC-6D9A-4B4E-888A-424DDAEFE4AA}.Debug|Any CPU.ActiveCfg = Debug|Any CPU
		{55BBE5EC-6D9A-4B4E-888A-424DDAEFE4AA}.Debug|Any CPU.Build.0 = Debug|Any CPU
		{55BBE5EC-6D9A-4B4E-888A-424DDAEFE4AA}.Release|Any CPU.ActiveCfg = Release|Any CPU
		{55BBE5EC-6D9A-4B4E-888A-424DDAEFE4AA}.Release|Any CPU.Build.0 = Release|Any CPU
		{5222746D-BA58-4BAB-83F8-28321450784B}.Debug|Any CPU.ActiveCfg = Debug|Any CPU
		{5222746D-BA58-4BAB-83F8-28321450784B}.Debug|Any CPU.Build.0 = Debug|Any CPU
		{5222746D-BA58-4BAB-83F8-28321450784B}.Release|Any CPU.ActiveCfg = Release|Any CPU
		{5222746D-BA58-4BAB-83F8-28321450784B}.Release|Any CPU.Build.0 = Release|Any CPU
		{780E8F5A-0E85-4D2A-9AAA-19CD16FC86B8}.Debug|Any CPU.ActiveCfg = Debug|Any CPU
		{780E8F5A-0E85-4D2A-9AAA-19CD16FC86B8}.Debug|Any CPU.Build.0 = Debug|Any CPU
		{780E8F5A-0E85-4D2A-9AAA-19CD16FC86B8}.Release|Any CPU.ActiveCfg = Release|Any CPU
		{780E8F5A-0E85-4D2A-9AAA-19CD16FC86B8}.Release|Any CPU.Build.0 = Release|Any CPU
		{C13343AA-549D-4D49-AC2F-239700469102}.Debug|Any CPU.ActiveCfg = Debug|Any CPU
		{C13343AA-549D-4D49-AC2F-239700469102}.Debug|Any CPU.Build.0 = Debug|Any CPU
		{C13343AA-549D-4D49-AC2F-239700469102}.Release|Any CPU.ActiveCfg = Release|Any CPU
		{C13343AA-549D-4D49-AC2F-239700469102}.Release|Any CPU.Build.0 = Release|Any CPU
		{42DEF79C-A773-4A03-9C37-E6DEDC7555B3}.Debug|Any CPU.ActiveCfg = Debug|Any CPU
		{42DEF79C-A773-4A03-9C37-E6DEDC7555B3}.Debug|Any CPU.Build.0 = Debug|Any CPU
		{42DEF79C-A773-4A03-9C37-E6DEDC7555B3}.Release|Any CPU.ActiveCfg = Release|Any CPU
		{42DEF79C-A773-4A03-9C37-E6DEDC7555B3}.Release|Any CPU.Build.0 = Release|Any CPU
		{B85E7252-3E2B-44B6-AC70-6A83016FDBD9}.Debug|Any CPU.ActiveCfg = Debug|Any CPU
		{B85E7252-3E2B-44B6-AC70-6A83016FDBD9}.Debug|Any CPU.Build.0 = Debug|Any CPU
		{B85E7252-3E2B-44B6-AC70-6A83016FDBD9}.Release|Any CPU.ActiveCfg = Release|Any CPU
		{B85E7252-3E2B-44B6-AC70-6A83016FDBD9}.Release|Any CPU.Build.0 = Release|Any CPU
		{2240EED0-F113-483E-A722-818438F2AC39}.Debug|Any CPU.ActiveCfg = Debug|Any CPU
		{2240EED0-F113-483E-A722-818438F2AC39}.Debug|Any CPU.Build.0 = Debug|Any CPU
		{2240EED0-F113-483E-A722-818438F2AC39}.Release|Any CPU.ActiveCfg = Release|Any CPU
		{2240EED0-F113-483E-A722-818438F2AC39}.Release|Any CPU.Build.0 = Release|Any CPU
		{844913D1-BB27-43EA-B388-B29B0C0741A7}.Debug|Any CPU.ActiveCfg = Debug|Any CPU
		{844913D1-BB27-43EA-B388-B29B0C0741A7}.Debug|Any CPU.Build.0 = Debug|Any CPU
		{844913D1-BB27-43EA-B388-B29B0C0741A7}.Release|Any CPU.ActiveCfg = Release|Any CPU
		{844913D1-BB27-43EA-B388-B29B0C0741A7}.Release|Any CPU.Build.0 = Release|Any CPU
		{B3BF6833-2340-424F-BEA5-9F47D88B53AF}.Debug|Any CPU.ActiveCfg = Debug|Any CPU
		{B3BF6833-2340-424F-BEA5-9F47D88B53AF}.Debug|Any CPU.Build.0 = Debug|Any CPU
		{B3BF6833-2340-424F-BEA5-9F47D88B53AF}.Release|Any CPU.ActiveCfg = Release|Any CPU
		{B3BF6833-2340-424F-BEA5-9F47D88B53AF}.Release|Any CPU.Build.0 = Release|Any CPU
	EndGlobalSection
	GlobalSection(SolutionProperties) = preSolution
		HideSolutionNode = FALSE
	EndGlobalSection
	GlobalSection(NestedProjects) = preSolution
		{B85E7252-3E2B-44B6-AC70-6A83016FDBD9} = {5E03E415-C8D8-4408-A441-6E61213CEDEB}
		{8F2CB78E-8C2E-45C6-97A0-C38F60A85E98} = {5E03E415-C8D8-4408-A441-6E61213CEDEB}
		{2240EED0-F113-483E-A722-818438F2AC39} = {5E03E415-C8D8-4408-A441-6E61213CEDEB}
		{0304201B-DFDB-407B-89DB-E9B44E192DE2} = {5E03E415-C8D8-4408-A441-6E61213CEDEB}
		{844913D1-BB27-43EA-B388-B29B0C0741A7} = {0304201B-DFDB-407B-89DB-E9B44E192DE2}
		{B3BF6833-2340-424F-BEA5-9F47D88B53AF} = {5E03E415-C8D8-4408-A441-6E61213CEDEB}
	EndGlobalSection
	GlobalSection(ExtensibilityGlobals) = postSolution
		SolutionGuid = {DF6F2C19-8D14-4D7B-9A8F-C3F2B2E5AABC}
	EndGlobalSection
EndGlobal
